
Microsoft Visual Studio Solution File, Format Version 12.00
# Visual Studio 15
VisualStudioVersion = 15.0.27130.2024
MinimumVisualStudioVersion = 10.0.40219.1
Project("{FAE04EC0-301F-11D3-BF4B-00C04F79EFBC}") = "ConsoleCalc", "ConsoleCalc\ConsoleCalc.csproj", "{542A722A-489C-480A-9B3B-45B6AF4D548A}"
EndProject
Project("{FAE04EC0-301F-11D3-BF4B-00C04F79EFBC}") = "UnitTestConsoleCalc", "UnitTestConsoleCalc\UnitTestConsoleCalc.csproj", "{B35EF43D-FA93-4073-965E-4C2975D19413}"
EndProject
Global
	GlobalSection(SolutionConfigurationPlatforms) = preSolution
		Debug|Any CPU = Debug|Any CPU
		Release|Any CPU = Release|Any CPU
	EndGlobalSection
	GlobalSection(ProjectConfigurationPlatforms) = postSolution
		{542A722A-489C-480A-9B3B-45B6AF4D548A}.Debug|Any CPU.ActiveCfg = Debug|Any CPU
		{542A722A-489C-480A-9B3B-45B6AF4D548A}.Debug|Any CPU.Build.0 = Debug|Any CPU
		{542A722A-489C-480A-9B3B-45B6AF4D548A}.Release|Any CPU.ActiveCfg = Release|Any CPU
		{542A722A-489C-480A-9B3B-45B6AF4D548A}.Release|Any CPU.Build.0 = Release|Any CPU
		{B35EF43D-FA93-4073-965E-4C2975D19413}.Debug|Any CPU.ActiveCfg = Debug|Any CPU
		{B35EF43D-FA93-4073-965E-4C2975D19413}.Debug|Any CPU.Build.0 = Debug|Any CPU
		{B35EF43D-FA93-4073-965E-4C2975D19413}.Release|Any CPU.ActiveCfg = Release|Any CPU
		{B35EF43D-FA93-4073-965E-4C2975D19413}.Release|Any CPU.Build.0 = Release|Any CPU
	EndGlobalSection
	GlobalSection(SolutionProperties) = preSolution
		HideSolutionNode = FALSE
	EndGlobalSection
	GlobalSection(ExtensibilityGlobals) = postSolution
		SolutionGuid = {40226371-DB8C-4BAA-9EC7-6C781B9FA9D3}
	EndGlobalSection
EndGlobal
